[{<<"clj">>,
  {git,"git://github.com/lfex/clj.git",
       {ref,"2184d0f1459922145b432cfe19ac6147169383d7"}},
  0},
 {<<"color">>,
  {git,"git://github.com/julianduque/erlang-color.git",
       {ref,"e60f6302f795220f5f0bee86391ffee5274edec0"}},
  2},
 {<<"exemplar">>,
  {git,"git://github.com/lfex/exemplar.git",
       {ref,"e92b5473f7d23d39821cbe62ec4bbd9b8a716721"}},
  0},
 {<<"kla">>,
  {git,"git://github.com/lfex/kla.git",
       {ref,"e9ed980aec9c18b67a8b5f9c22cfebc778282d04"}},
  1},
 {<<"levaindoc">>,
  {git,"git://github.com/quasiquoting/levaindoc.git",
       {ref,"2a4531239c6a487c93c85d29c1f6f7504aee87af"}},
  0},
 {<<"lfe">>,
  {git,"git://github.com/rvirding/lfe.git",
       {ref,"b84e9a8a1db6ffdd0cfe593fc8ad440ef72a5511"}},
  0},
 {<<"ltest">>,
  {git,"git://github.com/lfex/ltest.git",
       {ref,"dd2256a315b107cc0456d82ba378f0a4fbd6751a"}},
  1},
 {<<"lutil">>,
  {git,"git://github.com/lfex/lutil.git",
       {ref,"1dd644b73da70dd3b1516c65535b61883633ce21"}},
  1},
 {<<"markdown">>,
  {git,"git://github.com/erlware/erlmarkdown.git",
       {ref,"8ef862ebf85380a8aedfdd66cdaa26db87a8bc3f"}},
  0}].
