[{<<"clj">>,
  {git,"git://github.com/lfex/clj.git",
       {ref,"2184d0f1459922145b432cfe19ac6147169383d7"}},
  0},
 {<<"color">>,
  {git,"git://github.com/julianduque/erlang-color.git",
       {ref,"e60f6302f795220f5f0bee86391ffee5274edec0"}},
  1},
 {<<"exemplar">>,
  {git,"git://github.com/yurrriq/exemplar.git",
       {ref,"4d09d03b4e433e3ee69068d498b0089f4d17f983"}},
  0},
 {<<"kla">>,
  {git,"git://github.com/lfex/kla.git",
       {ref,"e9ed980aec9c18b67a8b5f9c22cfebc778282d04"}},
  1},
 {<<"lfe">>,
  {git,"git://github.com/rvirding/lfe.git",
       {ref,"85c1ff820ea06aec04038e504bc62898e517d2ed"}},
  0},
 {<<"ltest">>,
  {git,"git://github.com/lfex/ltest.git",
       {ref,"dd2256a315b107cc0456d82ba378f0a4fbd6751a"}},
  0},
 {<<"lutil">>,
  {git,"git://github.com/lfex/lutil.git",
       {ref,"14fb9f5c5c6360ad7169d9bf68907747b40c0d36"}},
  0}].
