[{<<"clj">>,
  {git,"git://github.com/lfex/clj.git",
       {ref,"1572711b8541ef02e890a08ed28e5bf291918bce"}},
  1},
 {<<"color">>,
  {git,"git://github.com/julianduque/erlang-color.git",
       {ref,"e60f6302f795220f5f0bee86391ffee5274edec0"}},
  1},
 {<<"kla">>,
  {git,"git://github.com/lfex/kla.git",
       {ref,"7929abef932550bf7b9ed886ba37f753f19eef58"}},
  2},
 {<<"lfe">>,
  {git,"git://github.com/rvirding/lfe.git",
       {ref,"85c1ff820ea06aec04038e504bc62898e517d2ed"}},
  0},
 {<<"ltest">>,
  {git,"git://github.com/lfex/ltest.git",
       {ref,"151de4b8a1f3b7eb0ee8fd09f3499c9d30fa5a43"}},
  0},
 {<<"lutil">>,
  {git,"git://github.com/lfex/lutil.git",
       {ref,"e16c140acc57a2b9411760c5d98f75e1d7466ea9"}},
  0}].
